
Microsoft Visual Studio Solution File, Format Version 12.00
# Visual Studio Version 17
VisualStudioVersion = 17.8.34316.72
MinimumVisualStudioVersion = 10.0.40219.1
Project("{FAE04EC0-301F-11D3-BF4B-00C04F79EFBC}") = "GiftShopApp", "GiftShopApp\GiftShopApp.csproj", "{F2B8FC4A-D0A7-49BB-97A9-3F22BDE3BD89}"
EndProject
Global
	GlobalSection(SolutionConfigurationPlatforms) = preSolution
		Debug|Any CPU = Debug|Any CPU
		Release|Any CPU = Release|Any CPU
	EndGlobalSection
	GlobalSection(ProjectConfigurationPlatforms) = postSolution
		{F2B8FC4A-D0A7-49BB-97A9-3F22BDE3BD89}.Debug|Any CPU.ActiveCfg = Debug|Any CPU
		{F2B8FC4A-D0A7-49BB-97A9-3F22BDE3BD89}.Debug|Any CPU.Build.0 = Debug|Any CPU
		{F2B8FC4A-D0A7-49BB-97A9-3F22BDE3BD89}.Release|Any CPU.ActiveCfg = Release|Any CPU
		{F2B8FC4A-D0A7-49BB-97A9-3F22BDE3BD89}.Release|Any CPU.Build.0 = Release|Any CPU
	EndGlobalSection
	GlobalSection(SolutionProperties) = preSolution
		HideSolutionNode = FALSE
	EndGlobalSection
	GlobalSection(ExtensibilityGlobals) = postSolution
		SolutionGuid = {694447FE-C5B5-4686-B4DE-E04E565FB39B}
	EndGlobalSection
EndGlobal
